
Microsoft Visual Studio Solution File, Format Version 12.00
# Visual Studio 15
VisualStudioVersion = 15.0.28307.1705
MinimumVisualStudioVersion = 10.0.40219.1
Project("{FAE04EC0-301F-11D3-BF4B-00C04F79EFBC}") = "Auction_Management_System", "Auction_Management_System\Auction_Management_System.csproj", "{89F0CFCE-A213-473A-AE4B-68C2E9CAB7E1}"
EndProject
Global
	GlobalSection(SolutionConfigurationPlatforms) = preSolution
		Debug|Any CPU = Debug|Any CPU
		Release|Any CPU = Release|Any CPU
	EndGlobalSection
	GlobalSection(ProjectConfigurationPlatforms) = postSolution
		{89F0CFCE-A213-473A-AE4B-68C2E9CAB7E1}.Debug|Any CPU.ActiveCfg = Debug|Any CPU
		{89F0CFCE-A213-473A-AE4B-68C2E9CAB7E1}.Debug|Any CPU.Build.0 = Debug|Any CPU
		{89F0CFCE-A213-473A-AE4B-68C2E9CAB7E1}.Release|Any CPU.ActiveCfg = Release|Any CPU
		{89F0CFCE-A213-473A-AE4B-68C2E9CAB7E1}.Release|Any CPU.Build.0 = Release|Any CPU
	EndGlobalSection
	GlobalSection(SolutionProperties) = preSolution
		HideSolutionNode = FALSE
	EndGlobalSection
	GlobalSection(ExtensibilityGlobals) = postSolution
		SolutionGuid = {5F83CB36-967F-41DA-ABA8-4646DA62A819}
	EndGlobalSection
EndGlobal
